
Microsoft Visual Studio Solution File, Format Version 11.00
# Visual Studio 2010
Project("{FAE04EC0-301F-11D3-BF4B-00C04F79EFBC}") = "波形圖", "波形圖\波形圖.csproj", "{30E301D6-F454-41BE-B28F-1FC71925242F}"
EndProject
Global
	GlobalSection(SolutionConfigurationPlatforms) = preSolution
		Debug|x86 = Debug|x86
		Release|x86 = Release|x86
	EndGlobalSection
	GlobalSection(ProjectConfigurationPlatforms) = postSolution
		{30E301D6-F454-41BE-B28F-1FC71925242F}.Debug|x86.ActiveCfg = Debug|x86
		{30E301D6-F454-41BE-B28F-1FC71925242F}.Debug|x86.Build.0 = Debug|x86
		{30E301D6-F454-41BE-B28F-1FC71925242F}.Release|x86.ActiveCfg = Release|x86
		{30E301D6-F454-41BE-B28F-1FC71925242F}.Release|x86.Build.0 = Release|x86
	EndGlobalSection
	GlobalSection(SolutionProperties) = preSolution
		HideSolutionNode = FALSE
	EndGlobalSection
EndGlobal
