
Microsoft Visual Studio Solution File, Format Version 12.00
# Visual Studio 15
VisualStudioVersion = 15.0.27703.2018
MinimumVisualStudioVersion = 10.0.40219.1
Project("{FAE04EC0-301F-11D3-BF4B-00C04F79EFBC}") = "test", "test\test.csproj", "{9AD190F1-14C1-4D5A-86F0-077DA7FDFE82}"
EndProject
Global
	GlobalSection(SolutionConfigurationPlatforms) = preSolution
		Debug|Any CPU = Debug|Any CPU
		Release|Any CPU = Release|Any CPU
	EndGlobalSection
	GlobalSection(ProjectConfigurationPlatforms) = postSolution
		{9AD190F1-14C1-4D5A-86F0-077DA7FDFE82}.Debug|Any CPU.ActiveCfg = Debug|Any CPU
		{9AD190F1-14C1-4D5A-86F0-077DA7FDFE82}.Debug|Any CPU.Build.0 = Debug|Any CPU
		{9AD190F1-14C1-4D5A-86F0-077DA7FDFE82}.Release|Any CPU.ActiveCfg = Release|Any CPU
		{9AD190F1-14C1-4D5A-86F0-077DA7FDFE82}.Release|Any CPU.Build.0 = Release|Any CPU
	EndGlobalSection
	GlobalSection(SolutionProperties) = preSolution
		HideSolutionNode = FALSE
	EndGlobalSection
	GlobalSection(ExtensibilityGlobals) = postSolution
		SolutionGuid = {7CD3C977-28C6-4642-A51F-559230FCF948}
	EndGlobalSection
EndGlobal
